{
  "version": 1,
  "seeds": {
    "e2e/example.spec.ts": "354704dc9f54a68f5340903e8d869ba4e9b505f304d71a3fe2bcf3322390818f",
    "playwright.config.ts": "4527a30f11b2e404d68742c658f2a60092c7b982135ec8d9e442c97414576d61"
  },
  "managed": {
    ".github/scripts/shard-mutation-scope.mjs": "188a80ab286ca12541e64ab6f4dd10e5286b0668f361f89508528e65037ea6f1",
    ".github/scripts/shard-mutation-scope.node-test.mjs": "22abde7022315fc091e53c6024d85eb9becb45a04b04895b4fc73e0dcc81d642",
    ".github/workflows/mutation-nightly.yml": "550111628f0b9abcf39a2e14c79030de9d0505bf5938629d5f5be7d051af4b7e",
    ".github/workflows/quality-gate.yml": "4d8264d6180fc17fa5953ce30bf99a2c4f5da025e7bd51029dc75367d2160411"
  }
}
